
Microsoft Visual Studio Solution File, Format Version 12.00
# Visual Studio Version 17
VisualStudioVersion = 17.14.37216.2 d17.14
MinimumVisualStudioVersion = 10.0.40219.1
Project("{FAE04EC0-301F-11D3-BF4B-00C04F79EFBC}") = "DesktopStage", "DesktopStage\DesktopStage.csproj", "{86F3353E-4CE4-46F3-8F1B-B600875B24EA}"
EndProject
Global
	GlobalSection(SolutionConfigurationPlatforms) = preSolution
		Debug|Any CPU = Debug|Any CPU
		Release|Any CPU = Release|Any CPU
	EndGlobalSection
	GlobalSection(ProjectConfigurationPlatforms) = postSolution
		{86F3353E-4CE4-46F3-8F1B-B600875B24EA}.Debug|Any CPU.ActiveCfg = Debug|Any CPU
		{86F3353E-4CE4-46F3-8F1B-B600875B24EA}.Debug|Any CPU.Build.0 = Debug|Any CPU
		{86F3353E-4CE4-46F3-8F1B-B600875B24EA}.Release|Any CPU.ActiveCfg = Release|Any CPU
		{86F3353E-4CE4-46F3-8F1B-B600875B24EA}.Release|Any CPU.Build.0 = Release|Any CPU
	EndGlobalSection
	GlobalSection(SolutionProperties) = preSolution
		HideSolutionNode = FALSE
	EndGlobalSection
	GlobalSection(ExtensibilityGlobals) = postSolution
		SolutionGuid = {3305869B-B07A-41C7-B911-885884781F08}
	EndGlobalSection
EndGlobal
